
Microsoft Visual Studio Solution File, Format Version 12.00
# Visual Studio 15
VisualStudioVersion = 15.0.28307.1062
MinimumVisualStudioVersion = 10.0.40219.1
Project("{FAE04EC0-301F-11D3-BF4B-00C04F79EFBC}") = "OdeToFood", "OdeToFood\OdeToFood.csproj", "{0158BA26-DFEC-4928-BB9E-250457321BC0}"
EndProject
Project("{FAE04EC0-301F-11D3-BF4B-00C04F79EFBC}") = "OdeToFood.Core", "OdeToFood.Core\OdeToFood.Core.csproj", "{61209634-2A13-4643-8DE8-BDEF689753C1}"
EndProject
Project("{FAE04EC0-301F-11D3-BF4B-00C04F79EFBC}") = "OdeToFood.Data", "OdeToFood.Data\OdeToFood.Data.csproj", "{450CA345-F80D-4D4B-BEA7-0AB152039926}"
EndProject
Global
	GlobalSection(SolutionConfigurationPlatforms) = preSolution
		Debug|Any CPU = Debug|Any CPU
		Release|Any CPU = Release|Any CPU
	EndGlobalSection
	GlobalSection(ProjectConfigurationPlatforms) = postSolution
		{0158BA26-DFEC-4928-BB9E-250457321BC0}.Debug|Any CPU.ActiveCfg = Debug|Any CPU
		{0158BA26-DFEC-4928-BB9E-250457321BC0}.Debug|Any CPU.Build.0 = Debug|Any CPU
		{0158BA26-DFEC-4928-BB9E-250457321BC0}.Release|Any CPU.ActiveCfg = Release|Any CPU
		{0158BA26-DFEC-4928-BB9E-250457321BC0}.Release|Any CPU.Build.0 = Release|Any CPU
		{61209634-2A13-4643-8DE8-BDEF689753C1}.Debug|Any CPU.ActiveCfg = Debug|Any CPU
		{61209634-2A13-4643-8DE8-BDEF689753C1}.Debug|Any CPU.Build.0 = Debug|Any CPU
		{61209634-2A13-4643-8DE8-BDEF689753C1}.Release|Any CPU.ActiveCfg = Release|Any CPU
		{61209634-2A13-4643-8DE8-BDEF689753C1}.Release|Any CPU.Build.0 = Release|Any CPU
		{450CA345-F80D-4D4B-BEA7-0AB152039926}.Debug|Any CPU.ActiveCfg = Debug|Any CPU
		{450CA345-F80D-4D4B-BEA7-0AB152039926}.Debug|Any CPU.Build.0 = Debug|Any CPU
		{450CA345-F80D-4D4B-BEA7-0AB152039926}.Release|Any CPU.ActiveCfg = Release|Any CPU
		{450CA345-F80D-4D4B-BEA7-0AB152039926}.Release|Any CPU.Build.0 = Release|Any CPU
	EndGlobalSection
	GlobalSection(SolutionProperties) = preSolution
		HideSolutionNode = FALSE
	EndGlobalSection
	GlobalSection(ExtensibilityGlobals) = postSolution
		SolutionGuid = {41AC6685-0C0F-43C0-A541-D9434354B090}
	EndGlobalSection
EndGlobal
